// !$*UTF8*$!
{
	archiveVersion = 1;
	classes = {
	};
	objectVersion = 46;
	objects = {

/* Begin PBXBuildFile section */
		9373F0F71EBB074B0034FF08 /* main.m in Sources */ = {isa = PBXBuildFile; fileRef = 9373F0F61EBB074B0034FF08 /* main.m */; };
		9373F0FA1EBB074B0034FF08 /* AppDelegate.m in Sources */ = {isa = PBXBuildFile; fileRef = 9373F0F91EBB074B0034FF08 /* AppDelegate.m */; };
		9373F0FD1EBB074B0034FF08 /* ViewController.m in Sources */ = {isa = PBXBuildFile; fileRef = 9373F0FC1EBB074B0034FF08 /* ViewController.m */; };
		9373F1001EBB074B0034FF08 /* Main.storyboard in Resources */ = {isa = PBXBuildFile; fileRef = 9373F0FE1EBB074B0034FF08 /* Main.storyboard */; };
		9373F1021EBB074B0034FF08 /* Assets.xcassets in Resources */ = {isa = PBXBuildFile; fileRef = 9373F1011EBB074B0034FF08 /* Assets.xcassets */; };
		9373F1051EBB074B0034FF08 /* LaunchScreen.storyboard in Resources */ = {isa = PBXBuildFile; fileRef = 9373F1031EBB074B0034FF08 /* LaunchScreen.storyboard */; };
		9373F1101EBB074B0034FF08 /* __Tests.m in Sources */ = {isa = PBXBuildFile; fileRef = 9373F10F1EBB074B0034FF08 /* __Tests.m */; };
		9373F11B1EBB074C0034FF08 /* __UITests.m in Sources */ = {isa = PBXBuildFile; fileRef = 9373F11A1EBB074C0034FF08 /* __UITests.m */; };
/* End PBXBuildFile section */

/* Begin PBXContainerItemProxy section */
		9373F10C1EBB074B0034FF08 /* PBXContainerItemProxy */ = {
			isa = PBXContainerItemProxy;
			containerPortal = 9373F0EA1EBB074B0034FF08 /* Project object */;
			proxyType = 1;
			remoteGlobalIDString = 9373F0F11EBB074B0034FF08;
			remoteInfo = "多态";
		};
		9373F1171EBB074C0034FF08 /* PBXContainerItemProxy */ = {
			isa = PBXContainerItemProxy;
			containerPortal = 9373F0EA1EBB074B0034FF08 /* Project object */;
			proxyType = 1;
			remoteGlobalIDString = 9373F0F11EBB074B0034FF08;
			remoteInfo = "多态";
		};
/* End PBXContainerItemProxy section */

/* Begin PBXFileReference section */
		9373F0F21EBB074B0034FF08 /* 多态.app */ = {isa = PBXFileReference; explicitFileType = wrapper.application; includeInIndex = 0; path = "多态.app"; sourceTree = BUILT_PRODUCTS_DIR; };
		9373F0F61EBB074B0034FF08 /* main.m */ = {isa = PBXFileReference; lastKnownFileType = sourcecode.c.objc; path = main.m; sourceTree = "<group>"; };
		9373F0F81EBB074B0034FF08 /* AppDelegate.h */ = {isa = PBXFileReference; lastKnownFileType = sourcecode.c.h; path = AppDelegate.h; sourceTree = "<group>"; };
		9373F0F91EBB074B0034FF08 /* AppDelegate.m */ = {isa = PBXFileReference; lastKnownFileType = sourcecode.c.objc; path = AppDelegate.m; sourceTree = "<group>"; };
		9373F0FB1EBB074B0034FF08 /* ViewController.h */ = {isa = PBXFileReference; lastKnownFileType = sourcecode.c.h; path = ViewController.h; sourceTree = "<group>"; };
		9373F0FC1EBB074B0034FF08 /* ViewController.m */ = {isa = PBXFileReference; lastKnownFileType = sourcecode.c.objc; path = ViewController.m; sourceTree = "<group>"; };
		9373F0FF1EBB074B0034FF08 /* Base */ = {isa = PBXFileReference; lastKnownFileType = file.storyboard; name = Base; path = Base.lproj/Main.storyboard; sourceTree = "<group>"; };
		9373F1011EBB074B0034FF08 /* Assets.xcassets */ = {isa = PBXFileReference; lastKnownFileType = folder.assetcatalog; path = Assets.xcassets; sourceTree = "<group>"; };
		9373F1041EBB074B0034FF08 /* Base */ = {isa = PBXFileReference; lastKnownFileType = file.storyboard; name = Base; path = Base.lproj/LaunchScreen.storyboard; sourceTree = "<group>"; };
		9373F1061EBB074B0034FF08 /* Info.plist */ = {isa = PBXFileReference; lastKnownFileType = text.plist.xml; path = Info.plist; sourceTree = "<group>"; };
		9373F10B1EBB074B0034FF08 /* 多态Tests.xctest */ = {isa = PBXFileReference; explicitFileType = wrapper.cfbundle; includeInIndex = 0; path = "多态Tests.xctest"; sourceTree = BUILT_PRODUCTS_DIR; };
		9373F10F1EBB074B0034FF08 /* __Tests.m */ = {isa = PBXFileReference; lastKnownFileType = sourcecode.c.objc; path = __Tests.m; sourceTree = "<group>"; };
		9373F1111EBB074C0034FF08 /* Info.plist */ = {isa = PBXFileReference; lastKnownFileType = text.plist.xml; path = Info.plist; sourceTree = "<group>"; };
		9373F1161EBB074C0034FF08 /* 多态UITests.xctest */ = {isa = PBXFileReference; explicitFileType = wrapper.cfbundle; includeInIndex = 0; path = "多态UITests.xctest"; sourceTree = BUILT_PRODUCTS_DIR; };
		9373F11A1EBB074C0034FF08 /* __UITests.m */ = {isa = PBXFileReference; lastKnownFileType = sourcecode.c.objc; path = __UITests.m; sourceTree = "<group>"; };
		9373F11C1EBB074C0034FF08 /* Info.plist */ = {isa = PBXFileReference; lastKnownFileType = text.plist.xml; path = Info.plist; sourceTree = "<group>"; };
/* End PBXFileReference section */

/* Begin PBXFrameworksBuildPhase section */
		9373F0EF1EBB074B0034FF08 /* Frameworks */ = {
			isa = PBXFrameworksBuildPhase;
			buildActionMask = 2147483647;
			files = (
			);
			runOnlyForDeploymentPostprocessing = 0;
		};
		9373F1081EBB074B0034FF08 /* Frameworks */ = {
			isa = PBXFrameworksBuildPhase;
			buildActionMask = 2147483647;
			files = (
			);
			runOnlyForDeploymentPostprocessing = 0;
		};
		9373F1131EBB074C0034FF08 /* Frameworks */ = {
			isa = PBXFrameworksBuildPhase;
			buildActionMask = 2147483647;
			files = (
			);
			runOnlyForDeploymentPostprocessing = 0;
		};
/* End PBXFrameworksBuildPhase section */

/* Begin PBXGroup section */
		9373F0E91EBB074B0034FF08 = {
			isa = PBXGroup;
			children = (
				9373F0F41EBB074B0034FF08 /* 多态 */,
				9373F10E1EBB074B0034FF08 /* 多态Tests */,
				9373F1191EBB074C0034FF08 /* 多态UITests */,
				9373F0F31EBB074B0034FF08 /* Products */,
			);
			sourceTree = "<group>";
		};
		9373F0F31EBB074B0034FF08 /* Products */ = {
			isa = PBXGroup;
			children = (
				9373F0F21EBB074B0034FF08 /* 多态.app */,
				9373F10B1EBB074B0034FF08 /* 多态Tests.xctest */,
				9373F1161EBB074C0034FF08 /* 多态UITests.xctest */,
			);
			name = Products;
			sourceTree = "<group>";
		};
		9373F0F41EBB074B0034FF08 /* 多态 */ = {
			isa = PBXGroup;
			children = (
				9373F0F81EBB074B0034FF08 /* AppDelegate.h */,
				9373F0F91EBB074B0034FF08 /* AppDelegate.m */,
				9373F0FB1EBB074B0034FF08 /* ViewController.h */,
				9373F0FC1EBB074B0034FF08 /* ViewController.m */,
				9373F0FE1EBB074B0034FF08 /* Main.storyboard */,
				9373F1011EBB074B0034FF08 /* Assets.xcassets */,
				9373F1031EBB074B0034FF08 /* LaunchScreen.storyboard */,
				9373F1061EBB074B0034FF08 /* Info.plist */,
				9373F0F51EBB074B0034FF08 /* Supporting Files */,
			);
			path = "多态";
			sourceTree = "<group>";
		};
		9373F0F51EBB074B0034FF08 /* Supporting Files */ = {
			isa = PBXGroup;
			children = (
				9373F0F61EBB074B0034FF08 /* main.m */,
			);
			name = "Supporting Files";
			sourceTree = "<group>";
		};
		9373F10E1EBB074B0034FF08 /* 多态Tests */ = {
			isa = PBXGroup;
			children = (
				9373F10F1EBB074B0034FF08 /* __Tests.m */,
				9373F1111EBB074C0034FF08 /* Info.plist */,
			);
			path = "多态Tests";
			sourceTree = "<group>";
		};
		9373F1191EBB074C0034FF08 /* 多态UITests */ = {
			isa = PBXGroup;
			children = (
				9373F11A1EBB074C0034FF08 /* __UITests.m */,
				9373F11C1EBB074C0034FF08 /* Info.plist */,
			);
			path = "多态UITests";
			sourceTree = "<group>";
		};
/* End PBXGroup section */

/* Begin PBXNativeTarget section */
		9373F0F11EBB074B0034FF08 /* 多态 */ = {
			isa = PBXNativeTarget;
			buildConfigurationList = 9373F11F1EBB074C0034FF08 /* Build configuration list for PBXNativeTarget "多态" */;
			buildPhases = (
				9373F0EE1EBB074B0034FF08 /* Sources */,
				9373F0EF1EBB074B0034FF08 /* Frameworks */,
				9373F0F01EBB074B0034FF08 /* Resources */,
			);
			buildRules = (
			);
			dependencies = (
			);
			name = "多态";
			productName = "多态";
			productReference = 9373F0F21EBB074B0034FF08 /* 多态.app */;
			productType = "com.apple.product-type.application";
		};
		9373F10A1EBB074B0034FF08 /* 多态Tests */ = {
			isa = PBXNativeTarget;
			buildConfigurationList = 9373F1221EBB074C0034FF08 /* Build configuration list for PBXNativeTarget "多态Tests" */;
			buildPhases = (
				9373F1071EBB074B0034FF08 /* Sources */,
				9373F1081EBB074B0034FF08 /* Frameworks */,
				9373F1091EBB074B0034FF08 /* Resources */,
			);
			buildRules = (
			);
			dependencies = (
				9373F10D1EBB074B0034FF08 /* PBXTargetDependency */,
			);
			name = "多态Tests";
			productName = "多态Tests";
			productReference = 9373F10B1EBB074B0034FF08 /* 多态Tests.xctest */;
			productType = "com.apple.product-type.bundle.unit-test";
		};
		9373F1151EBB074C0034FF08 /* 多态UITests */ = {
			isa = PBXNativeTarget;
			buildConfigurationList = 9373F1251EBB074C0034FF08 /* Build configuration list for PBXNativeTarget "多态UITests" */;
			buildPhases = (
				9373F1121EBB074C0034FF08 /* Sources */,
				9373F1131EBB074C0034FF08 /* Frameworks */,
				9373F1141EBB074C0034FF08 /* Resources */,
			);
			buildRules = (
			);
			dependencies = (
				9373F1181EBB074C0034FF08 /* PBXTargetDependency */,
			);
			name = "多态UITests";
			productName = "多态UITests";
			productReference = 9373F1161EBB074C0034FF08 /* 多态UITests.xctest */;
			productType = "com.apple.product-type.bundle.ui-testing";
		};
/* End PBXNativeTarget section */

/* Begin PBXProject section */
		9373F0EA1EBB074B0034FF08 /* Project object */ = {
			isa = PBXProject;
			attributes = {
				LastUpgradeCheck = 0830;
				ORGANIZATIONNAME = golddatacommunications;
				TargetAttributes = {
					9373F0F11EBB074B0034FF08 = {
						CreatedOnToolsVersion = 8.3;
						DevelopmentTeam = K23Z7P2Y2K;
						ProvisioningStyle = Automatic;
					};
					9373F10A1EBB074B0034FF08 = {
						CreatedOnToolsVersion = 8.3;
						DevelopmentTeam = K23Z7P2Y2K;
						ProvisioningStyle = Automatic;
						TestTargetID = 9373F0F11EBB074B0034FF08;
					};
					9373F1151EBB074C0034FF08 = {
						CreatedOnToolsVersion = 8.3;
						DevelopmentTeam = K23Z7P2Y2K;
						ProvisioningStyle = Automatic;
						TestTargetID = 9373F0F11EBB074B0034FF08;
					};
				};
			};
			buildConfigurationList = 9373F0ED1EBB074B0034FF08 /* Build configuration list for PBXProject "多态" */;
			compatibilityVersion = "Xcode 3.2";
			developmentRegion = English;
			hasScannedForEncodings = 0;
			knownRegions = (
				en,
				Base,
			);
			mainGroup = 9373F0E91EBB074B0034FF08;
			productRefGroup = 9373F0F31EBB074B0034FF08 /* Products */;
			projectDirPath = "";
			projectRoot = "";
			targets = (
				9373F0F11EBB074B0034FF08 /* 多态 */,
				9373F10A1EBB074B0034FF08 /* 多态Tests */,
				9373F1151EBB074C0034FF08 /* 多态UITests */,
			);
		};
/* End PBXProject section */

/* Begin PBXResourcesBuildPhase section */
		9373F0F01EBB074B0034FF08 /* Resources */ = {
			isa = PBXResourcesBuildPhase;
			buildActionMask = 2147483647;
			files = (
				9373F1051EBB074B0034FF08 /* LaunchScreen.storyboard in Resources */,
				9373F1021EBB074B0034FF08 /* Assets.xcassets in Resources */,
				9373F1001EBB074B0034FF08 /* Main.storyboard in Resources */,
			);
			runOnlyForDeploymentPostprocessing = 0;
		};
		9373F1091EBB074B0034FF08 /* Resources */ = {
			isa = PBXResourcesBuildPhase;
			buildActionMask = 2147483647;
			files = (
			);
			runOnlyForDeploymentPostprocessing = 0;
		};
		9373F1141EBB074C0034FF08 /* Resources */ = {
			isa = PBXResourcesBuildPhase;
			buildActionMask = 2147483647;
			files = (
			);
			runOnlyForDeploymentPostprocessing = 0;
		};
/* End PBXResourcesBuildPhase section */

/* Begin PBXSourcesBuildPhase section */
		9373F0EE1EBB074B0034FF08 /* Sources */ = {
			isa = PBXSourcesBuildPhase;
			buildActionMask = 2147483647;
			files = (
				9373F0FD1EBB074B0034FF08 /* ViewController.m in Sources */,
				9373F0FA1EBB074B0034FF08 /* AppDelegate.m in Sources */,
				9373F0F71EBB074B0034FF08 /* main.m in Sources */,
			);
			runOnlyForDeploymentPostprocessing = 0;
		};
		9373F1071EBB074B0034FF08 /* Sources */ = {
			isa = PBXSourcesBuildPhase;
			buildActionMask = 2147483647;
			files = (
				9373F1101EBB074B0034FF08 /* __Tests.m in Sources */,
			);
			runOnlyForDeploymentPostprocessing = 0;
		};
		9373F1121EBB074C0034FF08 /* Sources */ = {
			isa = PBXSourcesBuildPhase;
			buildActionMask = 2147483647;
			files = (
				9373F11B1EBB074C0034FF08 /* __UITests.m in Sources */,
			);
			runOnlyForDeploymentPostprocessing = 0;
		};
/* End PBXSourcesBuildPhase section */

/* Begin PBXTargetDependency section */
		9373F10D1EBB074B0034FF08 /* PBXTargetDependency */ = {
			isa = PBXTargetDependency;
			target = 9373F0F11EBB074B0034FF08 /* 多态 */;
			targetProxy = 9373F10C1EBB074B0034FF08 /* PBXContainerItemProxy */;
		};
		9373F1181EBB074C0034FF08 /* PBXTargetDependency */ = {
			isa = PBXTargetDependency;
			target = 9373F0F11EBB074B0034FF08 /* 多态 */;
			targetProxy = 9373F1171EBB074C0034FF08 /* PBXContainerItemProxy */;
		};
/* End PBXTargetDependency section */

/* Begin PBXVariantGroup section */
		9373F0FE1EBB074B0034FF08 /* Main.storyboard */ = {
			isa = PBXVariantGroup;
			children = (
				9373F0FF1EBB074B0034FF08 /* Base */,
			);
			name = Main.storyboard;
			sourceTree = "<group>";
		};
		9373F1031EBB074B0034FF08 /* LaunchScreen.storyboard */ = {
			isa = PBXVariantGroup;
			children = (
				9373F1041EBB074B0034FF08 /* Base */,
			);
			name = LaunchScreen.storyboard;
			sourceTree = "<group>";
		};
/* End PBXVariantGroup section */

/* Begin XCBuildConfiguration section */
		9373F11D1EBB074C0034FF08 /* Debug */ = {
			isa = XCBuildConfiguration;
			buildSettings = {
				ALWAYS_SEARCH_USER_PATHS = NO;
				CLANG_ANALYZER_NONNULL = YES;
				CLANG_ANALYZER_NUMBER_OBJECT_CONVERSION = YES_AGGRESSIVE;
				CLANG_CXX_LANGUAGE_STANDARD = "gnu++0x";
				CLANG_CXX_LIBRARY = "libc++";
				CLANG_ENABLE_MODULES = YES;
				CLANG_ENABLE_OBJC_ARC = YES;
				CLANG_WARN_BOOL_CONVERSION = YES;
				CLANG_WARN_CONSTANT_CONVERSION = YES;
				CLANG_WARN_DIRECT_OBJC_ISA_USAGE = YES_ERROR;
				CLANG_WARN_DOCUMENTATION_COMMENTS = YES;
				CLANG_WARN_EMPTY_BODY = YES;
				CLANG_WARN_ENUM_CONVERSION = YES;
				CLANG_WARN_INFINITE_RECURSION = YES;
				CLANG_WARN_INT_CONVERSION = YES;
				CLANG_WARN_OBJC_ROOT_CLASS = YES_ERROR;
				CLANG_WARN_SUSPICIOUS_MOVE = YES;
				CLANG_WARN_UNREACHABLE_CODE = YES;
				CLANG_WARN__DUPLICATE_METHOD_MATCH = YES;
				"CODE_SIGN_IDENTITY[sdk=iphoneos*]" = "iPhone Developer";
				COPY_PHASE_STRIP = NO;
				DEBUG_INFORMATION_FORMAT = dwarf;
				ENABLE_STRICT_OBJC_MSGSEND = YES;
				ENABLE_TESTABILITY = YES;
				GCC_C_LANGUAGE_STANDARD = gnu99;
				GCC_DYNAMIC_NO_PIC = NO;
				GCC_NO_COMMON_BLOCKS = YES;
				GCC_OPTIMIZATION_LEVEL = 0;
				GCC_PREPROCESSOR_DEFINITIONS = (
					"DEBUG=1",
					"$(inherited)",
				);
				GCC_WARN_64_TO_32_BIT_CONVERSION = YES;
				GCC_WARN_ABOUT_RETURN_TYPE = YES_ERROR;
				GCC_WARN_UNDECLARED_SELECTOR = YES;
				GCC_WARN_UNINITIALIZED_AUTOS = YES_AGGRESSIVE;
				GCC_WARN_UNUSED_FUNCTION = YES;
				GCC_WARN_UNUSED_VARIABLE = YES;
				IPHONEOS_DEPLOYMENT_TARGET = 10.3;
				MTL_ENABLE_DEBUG_INFO = YES;
				ONLY_ACTIVE_ARCH = YES;
				SDKROOT = iphoneos;
			};
			name = Debug;
		};
		9373F11E1EBB074C0034FF08 /* Release */ = {
			isa = XCBuildConfiguration;
			buildSettings = {
				ALWAYS_SEARCH_USER_PATHS = NO;
				CLANG_ANALYZER_NONNULL = YES;
				CLANG_ANALYZER_NUMBER_OBJECT_CONVERSION = YES_AGGRESSIVE;
				CLANG_CXX_LANGUAGE_STANDARD = "gnu++0x";
				CLANG_CXX_LIBRARY = "libc++";
				CLANG_ENABLE_MODULES = YES;
				CLANG_ENABLE_OBJC_ARC = YES;
				CLANG_WARN_BOOL_CONVERSION = YES;
				CLANG_WARN_CONSTANT_CONVERSION = YES;
				CLANG_WARN_DIRECT_OBJC_ISA_USAGE = YES_ERROR;
				CLANG_WARN_DOCUMENTATION_COMMENTS = YES;
				CLANG_WARN_EMPTY_BODY = YES;
				CLANG_WARN_ENUM_CONVERSION = YES;
				CLANG_WARN_INFINITE_RECURSION = YES;
				CLANG_WARN_INT_CONVERSION = YES;
				CLANG_WARN_OBJC_ROOT_CLASS = YES_ERROR;
				CLANG_WARN_SUSPICIOUS_MOVE = YES;
				CLANG_WARN_UNREACHABLE_CODE = YES;
				CLANG_WARN__DUPLICATE_METHOD_MATCH = YES;
				"CODE_SIGN_IDENTITY[sdk=iphoneos*]" = "iPhone Developer";
				COPY_PHASE_STRIP = NO;
				DEBUG_INFORMATION_FORMAT = "dwarf-with-dsym";
				ENABLE_NS_ASSERTIONS = NO;
				ENABLE_STRICT_OBJC_MSGSEND = YES;
				GCC_C_LANGUAGE_STANDARD = gnu99;
				GCC_NO_COMMON_BLOCKS = YES;
				GCC_WARN_64_TO_32_BIT_CONVERSION = YES;
				GCC_WARN_ABOUT_RETURN_TYPE = YES_ERROR;
				GCC_WARN_UNDECLARED_SELECTOR = YES;
				GCC_WARN_UNINITIALIZED_AUTOS = YES_AGGRESSIVE;
				GCC_WARN_UNUSED_FUNCTION = YES;
				GCC_WARN_UNUSED_VARIABLE = YES;
				IPHONEOS_DEPLOYMENT_TARGET = 10.3;
				MTL_ENABLE_DEBUG_INFO = NO;
				SDKROOT = iphoneos;
				VALIDATE_PRODUCT = YES;
			};
			name = Release;
		};
		9373F1201EBB074C0034FF08 /* Debug */ = {
			isa = XCBuildConfiguration;
			buildSettings = {
				ASSETCATALOG_COMPILER_APPICON_NAME = AppIcon;
				DEVELOPMENT_TEAM = K23Z7P2Y2K;
				INFOPLIST_FILE = "多态/Info.plist";
				LD_RUNPATH_SEARCH_PATHS = "$(inherited) @executable_path/Frameworks";
				PRODUCT_BUNDLE_IDENTIFIER = "com.golddata.--";
				PRODUCT_NAME = "$(TARGET_NAME)";
			};
			name = Debug;
		};
		9373F1211EBB074C0034FF08 /* Release */ = {
			isa = XCBuildConfiguration;
			buildSettings = {
				ASSETCATALOG_COMPILER_APPICON_NAME = AppIcon;
				DEVELOPMENT_TEAM = K23Z7P2Y2K;
				INFOPLIST_FILE = "多态/Info.plist";
				LD_RUNPATH_SEARCH_PATHS = "$(inherited) @executable_path/Frameworks";
				PRODUCT_BUNDLE_IDENTIFIER = "com.golddata.--";
				PRODUCT_NAME = "$(TARGET_NAME)";
			};
			name = Release;
		};
		9373F1231EBB074C0034FF08 /* Debug */ = {
			isa = XCBuildConfiguration;
			buildSettings = {
				BUNDLE_LOADER = "$(TEST_HOST)";
				DEVELOPMENT_TEAM = K23Z7P2Y2K;
				INFOPLIST_FILE = "多态Tests/Info.plist";
				LD_RUNPATH_SEARCH_PATHS = "$(inherited) @executable_path/Frameworks @loader_path/Frameworks";
				PRODUCT_BUNDLE_IDENTIFIER = "com.golddata.--Tests";
				PRODUCT_NAME = "$(TARGET_NAME)";
				TEST_HOST = "$(BUILT_PRODUCTS_DIR)/多态.app/多态";
			};
			name = Debug;
		};
		9373F1241EBB074C0034FF08 /* Release */ = {
			isa = XCBuildConfiguration;
			buildSettings = {
				BUNDLE_LOADER = "$(TEST_HOST)";
				DEVELOPMENT_TEAM = K23Z7P2Y2K;
				INFOPLIST_FILE = "多态Tests/Info.plist";
				LD_RUNPATH_SEARCH_PATHS = "$(inherited) @executable_path/Frameworks @loader_path/Frameworks";
				PRODUCT_BUNDLE_IDENTIFIER = "com.golddata.--Tests";
				PRODUCT_NAME = "$(TARGET_NAME)";
				TEST_HOST = "$(BUILT_PRODUCTS_DIR)/多态.app/多态";
			};
			name = Release;
		};
		9373F1261EBB074C0034FF08 /* Debug */ = {
			isa = XCBuildConfiguration;
			buildSettings = {
				DEVELOPMENT_TEAM = K23Z7P2Y2K;
				INFOPLIST_FILE = "多态UITests/Info.plist";
				LD_RUNPATH_SEARCH_PATHS = "$(inherited) @executable_path/Frameworks @loader_path/Frameworks";
				PRODUCT_BUNDLE_IDENTIFIER = "com.golddata.--UITests";
				PRODUCT_NAME = "$(TARGET_NAME)";
				TEST_TARGET_NAME = "多态";
			};
			name = Debug;
		};
		9373F1271EBB074C0034FF08 /* Release */ = {
			isa = XCBuildConfiguration;
			buildSettings = {
				DEVELOPMENT_TEAM = K23Z7P2Y2K;
				INFOPLIST_FILE = "多态UITests/Info.plist";
				LD_RUNPATH_SEARCH_PATHS = "$(inherited) @executable_path/Frameworks @loader_path/Frameworks";
				PRODUCT_BUNDLE_IDENTIFIER = "com.golddata.--UITests";
				PRODUCT_NAME = "$(TARGET_NAME)";
				TEST_TARGET_NAME = "多态";
			};
			name = Release;
		};
/* End XCBuildConfiguration section */

/* Begin XCConfigurationList section */
		9373F0ED1EBB074B0034FF08 /* Build configuration list for PBXProject "多态" */ = {
			isa = XCConfigurationList;
			buildConfigurations = (
				9373F11D1EBB074C0034FF08 /* Debug */,
				9373F11E1EBB074C0034FF08 /* Release */,
			);
			defaultConfigurationIsVisible = 0;
			defaultConfigurationName = Release;
		};
		9373F11F1EBB074C0034FF08 /* Build configuration list for PBXNativeTarget "多态" */ = {
			isa = XCConfigurationList;
			buildConfigurations = (
				9373F1201EBB074C0034FF08 /* Debug */,
				9373F1211EBB074C0034FF08 /* Release */,
			);
			defaultConfigurationIsVisible = 0;
		};
		9373F1221EBB074C0034FF08 /* Build configuration list for PBXNativeTarget "多态Tests" */ = {
			isa = XCConfigurationList;
			buildConfigurations = (
				9373F1231EBB074C0034FF08 /* Debug */,
				9373F1241EBB074C0034FF08 /* Release */,
			);
			defaultConfigurationIsVisible = 0;
		};
		9373F1251EBB074C0034FF08 /* Build configuration list for PBXNativeTarget "多态UITests" */ = {
			isa = XCConfigurationList;
			buildConfigurations = (
				9373F1261EBB074C0034FF08 /* Debug */,
				9373F1271EBB074C0034FF08 /* Release */,
			);
			defaultConfigurationIsVisible = 0;
		};
/* End XCConfigurationList section */
	};
	rootObject = 9373F0EA1EBB074B0034FF08 /* Project object */;
}
